{
  "requires": true,
  "lockfileVersion": 1,
  "dependencies": {
    "cornerstone-web-image-loader": {
      "version": "2.1.0",
      "resolved": "https://registry.npmjs.org/cornerstone-web-image-loader/-/cornerstone-web-image-loader-2.1.0.tgz",
      "integrity": "sha512-RllTpe+NNDY5rPr9/8mjbFOpwYHrPZFuqT1wsLzoKnbapSXAWNy6waCjPVKGON0dLThLE7gihvuX/q7eSEmdsg=="
    }
  }
}
